
Microsoft Visual Studio Solution File, Format Version 12.00
# Visual Studio 15
VisualStudioVersion = 15.0.28010.2046
MinimumVisualStudioVersion = 10.0.40219.1
Project("{FAE04EC0-301F-11D3-BF4B-00C04F79EFBC}") = "COMP123_S2019-FinalTestA", "COMP123_S2019-FinalTestA\COMP123_S2019-FinalTestA.csproj", "{FA23D9E9-2938-4A6D-A6BB-4754C6FE9BF3}"
EndProject
Global
	GlobalSection(SolutionConfigurationPlatforms) = preSolution
		Debug|Any CPU = Debug|Any CPU
		Release|Any CPU = Release|Any CPU
	EndGlobalSection
	GlobalSection(ProjectConfigurationPlatforms) = postSolution
		{FA23D9E9-2938-4A6D-A6BB-4754C6FE9BF3}.Debug|Any CPU.ActiveCfg = Debug|Any CPU
		{FA23D9E9-2938-4A6D-A6BB-4754C6FE9BF3}.Debug|Any CPU.Build.0 = Debug|Any CPU
		{FA23D9E9-2938-4A6D-A6BB-4754C6FE9BF3}.Release|Any CPU.ActiveCfg = Release|Any CPU
		{FA23D9E9-2938-4A6D-A6BB-4754C6FE9BF3}.Release|Any CPU.Build.0 = Release|Any CPU
	EndGlobalSection
	GlobalSection(SolutionProperties) = preSolution
		HideSolutionNode = FALSE
	EndGlobalSection
	GlobalSection(ExtensibilityGlobals) = postSolution
		SolutionGuid = {8920464E-5958-48F4-8D96-0482C9E23F6D}
	EndGlobalSection
EndGlobal
